{
  "name": "stencil-constructible-style",
  "version": "2.0.0",
  "lockfileVersion": 2,
  "requires": true,
  "packages": {
    "": {
      "name": "stencil-constructible-style",
      "version": "2.0.0",
      "license": "MIT",
      "devDependencies": {
        "@stencil/core": ">2",
        "typescript": "^3.4.4"
      },
      "peerDependencies": {
        "@stencil/core": "^1.0.0-alpha.15"
      }
    },
    "node_modules/@stencil/core": {
      "version": "4.0.1",
      "resolved": "https://registry.npmjs.org/@stencil/core/-/core-4.0.1.tgz",
      "integrity": "sha512-7kWwh4HKuSBSRG9iKjxMzfvBK0O16/XeJtUavYBDEptkndufJjeym2x5JYnW0wKULxBGaVBFdrPyd1bTvthrlg==",
      "dev": true,
      "bin": {
        "stencil": "bin/stencil"
      },
      "engines": {
        "node": ">=16.0.0",
        "npm": ">=7.10.0"
      }
    },
    "node_modules/typescript": {
      "version": "3.4.5",
      "resolved": "https://registry.npmjs.org/typescript/-/typescript-3.4.5.tgz",
      "integrity": "sha512-YycBxUb49UUhdNMU5aJ7z5Ej2XGmaIBL0x34vZ82fn3hGvD+bgrMrVDpatgz2f7YxUMJxMkbWxJZeAvDxVe7Vw==",
      "dev": true,
      "bin": {
        "tsc": "bin/tsc",
        "tsserver": "bin/tsserver"
      },
      "engines": {
        "node": ">=4.2.0"
      }
    }
  },
  "dependencies": {
    "@stencil/core": {
      "version": "4.0.1",
      "resolved": "https://registry.npmjs.org/@stencil/core/-/core-4.0.1.tgz",
      "integrity": "sha512-7kWwh4HKuSBSRG9iKjxMzfvBK0O16/XeJtUavYBDEptkndufJjeym2x5JYnW0wKULxBGaVBFdrPyd1bTvthrlg==",
      "dev": true
    },
    "typescript": {
      "version": "3.4.5",
      "resolved": "https://registry.npmjs.org/typescript/-/typescript-3.4.5.tgz",
      "integrity": "sha512-YycBxUb49UUhdNMU5aJ7z5Ej2XGmaIBL0x34vZ82fn3hGvD+bgrMrVDpatgz2f7YxUMJxMkbWxJZeAvDxVe7Vw==",
      "dev": true
    }
  }
}
