{
  "name": "stencil-constructible-style",
  "version": "2.0.0",
  "lockfileVersion": 2,
  "requires": true,
  "packages": {
    "": {
      "name": "stencil-constructible-style",
      "version": "2.0.0",
      "license": "MIT",
      "devDependencies": {
        "@stencil/core": ">2",
        "typescript": "^5.1.6"
      },
      "peerDependencies": {
        "@stencil/core": "^1.0.0-alpha.15"
      }
    },
    "node_modules/@stencil/core": {
      "version": "4.0.1",
      "resolved": "https://registry.npmjs.org/@stencil/core/-/core-4.0.1.tgz",
      "integrity": "sha512-7kWwh4HKuSBSRG9iKjxMzfvBK0O16/XeJtUavYBDEptkndufJjeym2x5JYnW0wKULxBGaVBFdrPyd1bTvthrlg==",
      "dev": true,
      "bin": {
        "stencil": "bin/stencil"
      },
      "engines": {
        "node": ">=16.0.0",
        "npm": ">=7.10.0"
      }
    },
    "node_modules/typescript": {
      "version": "5.1.6",
      "resolved": "https://registry.npmjs.org/typescript/-/typescript-5.1.6.tgz",
      "integrity": "sha512-zaWCozRZ6DLEWAWFrVDz1H6FVXzUSfTy5FUMWsQlU8Ym5JP9eO4xkTIROFCQvhQf61z6O/G6ugw3SgAnvvm+HA==",
      "dev": true,
      "bin": {
        "tsc": "bin/tsc",
        "tsserver": "bin/tsserver"
      },
      "engines": {
        "node": ">=14.17"
      }
    }
  },
  "dependencies": {
    "@stencil/core": {
      "version": "4.0.1",
      "resolved": "https://registry.npmjs.org/@stencil/core/-/core-4.0.1.tgz",
      "integrity": "sha512-7kWwh4HKuSBSRG9iKjxMzfvBK0O16/XeJtUavYBDEptkndufJjeym2x5JYnW0wKULxBGaVBFdrPyd1bTvthrlg==",
      "dev": true
    },
    "typescript": {
      "version": "5.1.6",
      "resolved": "https://registry.npmjs.org/typescript/-/typescript-5.1.6.tgz",
      "integrity": "sha512-zaWCozRZ6DLEWAWFrVDz1H6FVXzUSfTy5FUMWsQlU8Ym5JP9eO4xkTIROFCQvhQf61z6O/G6ugw3SgAnvvm+HA==",
      "dev": true
    }
  }
}
