{
  "name": "stencil-constructable-style",
  "version": "1.0.0-alpha.1",
  "lockfileVersion": 1,
  "requires": true,
  "dependencies": {
    "@stencil/core": {
      "version": "1.0.0-alpha.13",
      "resolved": "https://registry.npmjs.org/@stencil/core/-/core-1.0.0-alpha.13.tgz",
      "integrity": "sha512-JI+JLOlZz68stE3cbrl/9Zc+Nt+eXOcP7schcktwvN73rVYf4stU6yNCHgLM28QH8cRI8lT/3KnlrKC3tidHhQ==",
      "dev": true,
      "requires": {
        "typescript": "3.4.4"
      },
      "dependencies": {
        "typescript": {
          "version": "3.4.4",
          "resolved": "https://registry.npmjs.org/typescript/-/typescript-3.4.4.tgz",
          "integrity": "sha512-xt5RsIRCEaf6+j9AyOBgvVuAec0i92rgCaS3S+UVf5Z/vF2Hvtsw08wtUTJqp4djwznoAgjSxeCcU4r+CcDBJA==",
          "dev": true
        }
      }
    },
    "typescript": {
      "version": "3.4.5",
      "resolved": "https://registry.npmjs.org/typescript/-/typescript-3.4.5.tgz",
      "integrity": "sha512-YycBxUb49UUhdNMU5aJ7z5Ej2XGmaIBL0x34vZ82fn3hGvD+bgrMrVDpatgz2f7YxUMJxMkbWxJZeAvDxVe7Vw==",
      "dev": true
    }
  }
}
